PODS:
  - Capacitor (8.5.1):
    - CapacitorCordova
  - CapacitorApp (8.1.1):
    - Capacitor
  - CapacitorBrowser (8.0.4):
    - Capacitor
  - CapacitorCordova (8.5.1)

DEPENDENCIES:
  - "Capacitor (from `../../node_modules/@capacitor/ios`)"
  - "CapacitorApp (from `../../node_modules/@capacitor/app`)"
  - "CapacitorBrowser (from `../../node_modules/@capacitor/browser`)"
  - "CapacitorCordova (from `../../node_modules/@capacitor/ios`)"

EXTERNAL SOURCES:
  Capacitor:
    :path: "../../node_modules/@capacitor/ios"
  CapacitorApp:
    :path: "../../node_modules/@capacitor/app"
  CapacitorBrowser:
    :path: "../../node_modules/@capacitor/browser"
  CapacitorCordova:
    :path: "../../node_modules/@capacitor/ios"

SPEC CHECKSUMS:
  Capacitor: 8ca6676b3b1147b00f7f3a547ccf68defd658d55
  CapacitorApp: 305bd13c44f6f9d164e2ee66a4faa956ed8c0e06
  CapacitorBrowser: 752e0208aa07c7aa63d1f7cde895a3e9519b2656
  CapacitorCordova: eb79411a3a0ed517eeb4c6dcf5933ce4bcbb5c9e

PODFILE CHECKSUM: 34e2d65dc00b28e6a18106d1dc18fcc7776a3968

COCOAPODS: 1.17.0
